
Microsoft Visual Studio Solution File, Format Version 12.00
# Visual Studio Version 17
VisualStudioVersion = 17.0.31903.59
MinimumVisualStudioVersion = 10.0.40219.1
Project("{2150E333-8FDC-42A3-9474-1A3956D46DE8}") = "Web", "Web", "{7FD905FF-7CEB-4A61-A612-A50574D1E2D0}"
EndProject
Project("{2150E333-8FDC-42A3-9474-1A3956D46DE8}") = "Shared", "Shared", "{E9055369-FC03-4F9F-BCDE-C4034D702FA4}"
EndProject
Project("{2150E333-8FDC-42A3-9474-1A3956D46DE8}") = "Source", "Source", "{43BCB878-03E8-4312-8CDB-1DA92AD98E5A}"
EndProject
Project("{2150E333-8FDC-42A3-9474-1A3956D46DE8}") = "Core", "Core", "{547157D9-8986-4328-AED8-AC05851B40DA}"
EndProject
Project("{2150E333-8FDC-42A3-9474-1A3956D46DE8}") = "Infrastructure", "Infrastructure", "{97742767-6B72-4A81-B740-D28ECD6E5719}"
EndProject
Project("{FAE04EC0-301F-11D3-BF4B-00C04F79EFBC}") = "WebUI", "WebUI\WebUI.csproj", "{DDDC8501-1BEA-4E8B-A20C-7FF37C46CB50}"
EndProject
Project("{FAE04EC0-301F-11D3-BF4B-00C04F79EFBC}") = "Application", "Application\Application.csproj", "{F669E153-51B9-44C9-A62E-1B8F08E6348F}"
EndProject
Project("{FAE04EC0-301F-11D3-BF4B-00C04F79EFBC}") = "Domain", "Domain\Domain.csproj", "{E8476DBF-F942-4306-837F-9C0AB5BDFF9D}"
EndProject
Project("{FAE04EC0-301F-11D3-BF4B-00C04F79EFBC}") = "Infrastructure", "Infrastructure\Infrastructure.csproj", "{30C30BB7-0926-4837-9034-E90E5D91344E}"
EndProject
Project("{FAE04EC0-301F-11D3-BF4B-00C04F79EFBC}") = "Infrastructure.Shared", "Infrastructure.Shared\Infrastructure.Shared.csproj", "{C4FD6CA8-44A2-4EAA-9AEE-A40F63967308}"
EndProject
Project("{FAE04EC0-301F-11D3-BF4B-00C04F79EFBC}") = "Shared", "Shared\Shared.csproj", "{791322F8-81BE-4F7B-8783-9AAAA6A33DFA}"
EndProject
Global
	GlobalSection(SolutionConfigurationPlatforms) = preSolution
		Debug|Any CPU = Debug|Any CPU
		Release|Any CPU = Release|Any CPU
	EndGlobalSection
	GlobalSection(ProjectConfigurationPlatforms) = postSolution
		{DDDC8501-1BEA-4E8B-A20C-7FF37C46CB50}.Debug|Any CPU.ActiveCfg = Debug|Any CPU
		{DDDC8501-1BEA-4E8B-A20C-7FF37C46CB50}.Debug|Any CPU.Build.0 = Debug|Any CPU
		{DDDC8501-1BEA-4E8B-A20C-7FF37C46CB50}.Release|Any CPU.ActiveCfg = Release|Any CPU
		{DDDC8501-1BEA-4E8B-A20C-7FF37C46CB50}.Release|Any CPU.Build.0 = Release|Any CPU
		{F669E153-51B9-44C9-A62E-1B8F08E6348F}.Debug|Any CPU.ActiveCfg = Debug|Any CPU
		{F669E153-51B9-44C9-A62E-1B8F08E6348F}.Debug|Any CPU.Build.0 = Debug|Any CPU
		{F669E153-51B9-44C9-A62E-1B8F08E6348F}.Release|Any CPU.ActiveCfg = Release|Any CPU
		{F669E153-51B9-44C9-A62E-1B8F08E6348F}.Release|Any CPU.Build.0 = Release|Any CPU
		{E8476DBF-F942-4306-837F-9C0AB5BDFF9D}.Debug|Any CPU.ActiveCfg = Debug|Any CPU
		{E8476DBF-F942-4306-837F-9C0AB5BDFF9D}.Debug|Any CPU.Build.0 = Debug|Any CPU
		{E8476DBF-F942-4306-837F-9C0AB5BDFF9D}.Release|Any CPU.ActiveCfg = Release|Any CPU
		{E8476DBF-F942-4306-837F-9C0AB5BDFF9D}.Release|Any CPU.Build.0 = Release|Any CPU
		{30C30BB7-0926-4837-9034-E90E5D91344E}.Debug|Any CPU.ActiveCfg = Debug|Any CPU
		{30C30BB7-0926-4837-9034-E90E5D91344E}.Debug|Any CPU.Build.0 = Debug|Any CPU
		{30C30BB7-0926-4837-9034-E90E5D91344E}.Release|Any CPU.ActiveCfg = Release|Any CPU
		{30C30BB7-0926-4837-9034-E90E5D91344E}.Release|Any CPU.Build.0 = Release|Any CPU
		{C4FD6CA8-44A2-4EAA-9AEE-A40F63967308}.Debug|Any CPU.ActiveCfg = Debug|Any CPU
		{C4FD6CA8-44A2-4EAA-9AEE-A40F63967308}.Debug|Any CPU.Build.0 = Debug|Any CPU
		{C4FD6CA8-44A2-4EAA-9AEE-A40F63967308}.Release|Any CPU.ActiveCfg = Release|Any CPU
		{C4FD6CA8-44A2-4EAA-9AEE-A40F63967308}.Release|Any CPU.Build.0 = Release|Any CPU
		{791322F8-81BE-4F7B-8783-9AAAA6A33DFA}.Debug|Any CPU.ActiveCfg = Debug|Any CPU
		{791322F8-81BE-4F7B-8783-9AAAA6A33DFA}.Debug|Any CPU.Build.0 = Debug|Any CPU
		{791322F8-81BE-4F7B-8783-9AAAA6A33DFA}.Release|Any CPU.ActiveCfg = Release|Any CPU
		{791322F8-81BE-4F7B-8783-9AAAA6A33DFA}.Release|Any CPU.Build.0 = Release|Any CPU
	EndGlobalSection
	GlobalSection(SolutionProperties) = preSolution
		HideSolutionNode = FALSE
	EndGlobalSection
	GlobalSection(NestedProjects) = preSolution
		{7FD905FF-7CEB-4A61-A612-A50574D1E2D0} = {43BCB878-03E8-4312-8CDB-1DA92AD98E5A}
		{E9055369-FC03-4F9F-BCDE-C4034D702FA4} = {43BCB878-03E8-4312-8CDB-1DA92AD98E5A}
		{547157D9-8986-4328-AED8-AC05851B40DA} = {43BCB878-03E8-4312-8CDB-1DA92AD98E5A}
		{97742767-6B72-4A81-B740-D28ECD6E5719} = {43BCB878-03E8-4312-8CDB-1DA92AD98E5A}
		{DDDC8501-1BEA-4E8B-A20C-7FF37C46CB50} = {7FD905FF-7CEB-4A61-A612-A50574D1E2D0}
		{F669E153-51B9-44C9-A62E-1B8F08E6348F} = {547157D9-8986-4328-AED8-AC05851B40DA}
		{E8476DBF-F942-4306-837F-9C0AB5BDFF9D} = {547157D9-8986-4328-AED8-AC05851B40DA}
		{30C30BB7-0926-4837-9034-E90E5D91344E} = {97742767-6B72-4A81-B740-D28ECD6E5719}
		{C4FD6CA8-44A2-4EAA-9AEE-A40F63967308} = {97742767-6B72-4A81-B740-D28ECD6E5719}
		{791322F8-81BE-4F7B-8783-9AAAA6A33DFA} = {E9055369-FC03-4F9F-BCDE-C4034D702FA4}
	EndGlobalSection
	GlobalSection(ExtensibilityGlobals) = postSolution
		SolutionGuid = {7E9673AB-6BCA-458C-8583-ECD051120A00}
	EndGlobalSection
EndGlobal
